<?xml version="1.0" encoding="utf-8"?>
<Project ToolsVersion="4.0" xmlns="http://schemas.microsoft.com/developer/msbuild/2003">
  <ItemGroup>
    <Filter Include="Source Files">
      <UniqueIdentifier>{4FC737F1-C7A5-4376-A066-2A32D752A2FF}</UniqueIdentifier>
      <Extensions>cpp;cxx;c;def</Extensions>
    </Filter>
    <Filter Include="Header Files">
      <UniqueIdentifier>{93995380-89BD-4b04-88EB-625FBE52EBFB}</UniqueIdentifier>
      <Extensions>h</Extensions>
    </Filter>
    <Filter Include="Form Files">
      <UniqueIdentifier>{99349809-55BA-4b9d-BF79-8FDBB0286EB3}</UniqueIdentifier>
      <Extensions>ui</Extensions>
    </Filter>
    <Filter Include="Resource Files">
      <UniqueIdentifier>{D9D6E242-F8AF-46E4-B9FD-80ECBC20BA3E}</UniqueIdentifier>
      <Extensions>qrc;*</Extensions>
      <ParseFiles>false</ParseFiles>
    </Filter>
    <Filter Include="Generated Files">
      <UniqueIdentifier>{71ED8ED8-ACB9-4CE9-BBE1-E00B30144E11}</UniqueIdentifier>
      <Extensions>moc;h;cpp</Extensions>
      <SourceControlFiles>False</SourceControlFiles>
    </Filter>
    <Filter Include="Generated Files\Debug">
      <UniqueIdentifier>{c4b111b6-121d-40b2-8b97-68db2407891a}</UniqueIdentifier>
      <Extensions>cpp;moc</Extensions>
      <SourceControlFiles>False</SourceControlFiles>
    </Filter>
    <Filter Include="Generated Files\Release">
      <UniqueIdentifier>{8253e149-e576-4a3b-9131-3ae6b9075d63}</UniqueIdentifier>
      <Extensions>cpp;moc</Extensions>
      <SourceControlFiles>False</SourceControlFiles>
    </Filter>
    <Filter Include="LexicalStates">
      <UniqueIdentifier>{ab6ff395-8750-4e5d-978a-2daf4c66308d}</UniqueIdentifier>
    </Filter>
  </ItemGroup>
  <ItemGroup>
    <ClCompile Include="main.cpp">
      <Filter>Source Files</Filter>
    </ClCompile>
    <ClCompile Include="helloqt.cpp">
      <Filter>Source Files</Filter>
    </ClCompile>
    <ClCompile Include="GeneratedFiles\Debug\moc_helloqt.cpp">
      <Filter>Generated Files\Debug</Filter>
    </ClCompile>
    <ClCompile Include="GeneratedFiles\Release\moc_helloqt.cpp">
      <Filter>Generated Files\Release</Filter>
    </ClCompile>
    <ClCompile Include="GeneratedFiles\qrc_helloqt.cpp">
      <Filter>Generated Files</Filter>
    </ClCompile>
    <ClCompile Include="..\Project1\CLNone.cpp">
      <Filter>LexicalStates</Filter>
    </ClCompile>
    <ClCompile Include="..\Project1\CLId.cpp">
      <Filter>LexicalStates</Filter>
    </ClCompile>
    <ClCompile Include="..\Project1\CLNumberInt.cpp">
      <Filter>LexicalStates</Filter>
    </ClCompile>
    <ClCompile Include="..\Project1\CLNumberFloat.cpp">
      <Filter>LexicalStates</Filter>
    </ClCompile>
    <ClCompile Include="..\Project1\CLLogicOperators.cpp">
      <Filter>LexicalStates</Filter>
    </ClCompile>
    <ClCompile Include="..\Project1\CLComments.cpp">
      <Filter>LexicalStates</Filter>
    </ClCompile>
    <ClCompile Include="..\Project1\CLAssign.cpp">
      <Filter>LexicalStates</Filter>
    </ClCompile>
    <ClCompile Include="..\Project1\CLCloseDimensionOperator.cpp">
      <Filter>LexicalStates</Filter>
    </ClCompile>
    <ClCompile Include="..\Project1\CLConstantAlfanumeric.cpp">
      <Filter>LexicalStates</Filter>
    </ClCompile>
    <ClCompile Include="..\Project1\CLDelimiters.cpp">
      <Filter>LexicalStates</Filter>
    </ClCompile>
    <ClCompile Include="..\Project1\CLGroupOperators.cpp">
      <Filter>LexicalStates</Filter>
    </ClCompile>
    <ClCompile Include="..\Project1\CLOpenDimensionOperator.cpp">
      <Filter>LexicalStates</Filter>
    </ClCompile>
    <ClCompile Include="..\Project1\CLRelacionalOperators.cpp">
      <Filter>LexicalStates</Filter>
    </ClCompile>
    <ClCompile Include="..\Project1\CLexicalAnalysis.cpp">
      <Filter>Source Files</Filter>
    </ClCompile>
    <ClCompile Include="..\Project1\CTokenizer.cpp">
      <Filter>Source Files</Filter>
    </ClCompile>
    <ClCompile Include="CLAritmeticOperators.cpp">
      <Filter>LexicalStates</Filter>
    </ClCompile>
    <ClCompile Include="CErrorHandler.cpp">
      <Filter>Source Files</Filter>
    </ClCompile>
  </ItemGroup>
  <ItemGroup>
    <CustomBuild Include="helloqt.h">
      <Filter>Header Files</Filter>
    </CustomBuild>
    <CustomBuild Include="helloqt.ui">
      <Filter>Form Files</Filter>
    </CustomBuild>
    <CustomBuild Include="helloqt.qrc">
      <Filter>Resource Files</Filter>
    </CustomBuild>
  </ItemGroup>
  <ItemGroup>
    <ClInclude Include="GeneratedFiles\ui_helloqt.h">
      <Filter>Generated Files</Filter>
    </ClInclude>
    <ClInclude Include="..\Project1\CLNone.h">
      <Filter>LexicalStates</Filter>
    </ClInclude>
    <ClInclude Include="..\Project1\CLId.h">
      <Filter>LexicalStates</Filter>
    </ClInclude>
    <ClInclude Include="..\Project1\CLComments.h">
      <Filter>LexicalStates</Filter>
    </ClInclude>
    <ClInclude Include="..\Project1\CLLogicOperators.h">
      <Filter>LexicalStates</Filter>
    </ClInclude>
    <ClInclude Include="..\Project1\CLNumberFloat.h">
      <Filter>LexicalStates</Filter>
    </ClInclude>
    <ClInclude Include="..\Project1\CLNumberInt.h">
      <Filter>LexicalStates</Filter>
    </ClInclude>
    <ClInclude Include="..\Project1\CLAssign.h">
      <Filter>LexicalStates</Filter>
    </ClInclude>
    <ClInclude Include="..\Project1\CLCloseDimensionOperator.h">
      <Filter>LexicalStates</Filter>
    </ClInclude>
    <ClInclude Include="..\Project1\CLConstantAlfanumeric.h">
      <Filter>LexicalStates</Filter>
    </ClInclude>
    <ClInclude Include="..\Project1\CLDelimiters.h">
      <Filter>LexicalStates</Filter>
    </ClInclude>
    <ClInclude Include="..\Project1\CLGroupOperators.h">
      <Filter>LexicalStates</Filter>
    </ClInclude>
    <ClInclude Include="..\Project1\CLOpenDimensionOperator.h">
      <Filter>LexicalStates</Filter>
    </ClInclude>
    <ClInclude Include="..\Project1\CLRelacionalOperators.h">
      <Filter>LexicalStates</Filter>
    </ClInclude>
    <ClInclude Include="..\Project1\CLexicalAnalysis.h">
      <Filter>Header Files</Filter>
    </ClInclude>
    <ClInclude Include="..\Project1\CLexicalStates.h">
      <Filter>Header Files</Filter>
    </ClInclude>
    <ClInclude Include="..\Project1\CTokenizer.h">
      <Filter>Header Files</Filter>
    </ClInclude>
    <ClInclude Include="CLAritmeticOperators.h">
      <Filter>LexicalStates</Filter>
    </ClInclude>
    <ClInclude Include="CErrorHandler.h">
      <Filter>Header Files</Filter>
    </ClInclude>
  </ItemGroup>
</Project>